// !$*UTF8*$!
{
	archiveVersion = 1;
	classes = {
	};
	objectVersion = 56;
	objects = {

/* Begin PBXBuildFile section */
		D34140AF29D380B3003B7AE1 /* WebviewTestingApp.swift in Sources */ = {isa = PBXBuildFile; fileRef = D34140AE29D380B3003B7AE1 /* WebviewTestingApp.swift */; };
		D34140B329D380B4003B7AE1 /* Assets.xcassets in Resources */ = {isa = PBXBuildFile; fileRef = D34140B229D380B4003B7AE1 /* Assets.xcassets */; };
		D34140B629D380B4003B7AE1 /* Preview Assets.xcassets in Resources */ = {isa = PBXBuildFile; fileRef = D34140B529D380B4003B7AE1 /* Preview Assets.xcassets */; };
		D34140BD29D5E50C003B7AE1 /* WebviewView.swift in Sources */ = {isa = PBXBuildFile; fileRef = D34140BC29D5E50C003B7AE1 /* WebviewView.swift */; };
		D34140BF29D60464003B7AE1 /* WebviewManager.swift in Sources */ = {isa = PBXBuildFile; fileRef = D34140BE29D60464003B7AE1 /* WebviewManager.swift */; };
		D3D368F829D9237400006239 /* AsyncWebview.swift in Sources */ = {isa = PBXBuildFile; fileRef = D3D368F729D9237400006239 /* AsyncWebview.swift */; };
		D3D368FA29DA607D00006239 /* StatusPanel.swift in Sources */ = {isa = PBXBuildFile; fileRef = D3D368F929DA607D00006239 /* StatusPanel.swift */; };
		D3D368FC29DB3CF300006239 /* Scripts.swift in Sources */ = {isa = PBXBuildFile; fileRef = D3D368FB29DB3CF300006239 /* Scripts.swift */; };
/* End PBXBuildFile section */

/* Begin PBXFileReference section */
		D34140AB29D380B3003B7AE1 /* WebviewTesting.app */ = {isa = PBXFileReference; explicitFileType = wrapper.application; includeInIndex = 0; path = WebviewTesting.app; sourceTree = BUILT_PRODUCTS_DIR; };
		D34140AE29D380B3003B7AE1 /* WebviewTestingApp.swift */ = {isa = PBXFileReference; lastKnownFileType = sourcecode.swift; path = WebviewTestingApp.swift; sourceTree = "<group>"; };
		D34140B229D380B4003B7AE1 /* Assets.xcassets */ = {isa = PBXFileReference; lastKnownFileType = folder.assetcatalog; path = Assets.xcassets; sourceTree = "<group>"; };
		D34140B529D380B4003B7AE1 /* Preview Assets.xcassets */ = {isa = PBXFileReference; lastKnownFileType = folder.assetcatalog; path = "Preview Assets.xcassets"; sourceTree = "<group>"; };
		D34140BC29D5E50C003B7AE1 /* WebviewView.swift */ = {isa = PBXFileReference; lastKnownFileType = sourcecode.swift; path = WebviewView.swift; sourceTree = "<group>"; };
		D34140BE29D60464003B7AE1 /* WebviewManager.swift */ = {isa = PBXFileReference; lastKnownFileType = sourcecode.swift; path = WebviewManager.swift; sourceTree = "<group>"; };
		D34140C029D62329003B7AE1 /* Info.plist */ = {isa = PBXFileReference; lastKnownFileType = text.plist; path = Info.plist; sourceTree = "<group>"; };
		D3D368F729D9237400006239 /* AsyncWebview.swift */ = {isa = PBXFileReference; lastKnownFileType = sourcecode.swift; path = AsyncWebview.swift; sourceTree = "<group>"; };
		D3D368F929DA607D00006239 /* StatusPanel.swift */ = {isa = PBXFileReference; lastKnownFileType = sourcecode.swift; path = StatusPanel.swift; sourceTree = "<group>"; };
		D3D368FB29DB3CF300006239 /* Scripts.swift */ = {isa = PBXFileReference; lastKnownFileType = sourcecode.swift; path = Scripts.swift; sourceTree = "<group>"; };
/* End PBXFileReference section */

/* Begin PBXFrameworksBuildPhase section */
		D34140A829D380B3003B7AE1 /* Frameworks */ = {
			isa = PBXFrameworksBuildPhase;
			buildActionMask = 2147483647;
			files = (
			);
			runOnlyForDeploymentPostprocessing = 0;
		};
/* End PBXFrameworksBuildPhase section */

/* Begin PBXGroup section */
		D34140A229D380B3003B7AE1 = {
			isa = PBXGroup;
			children = (
				D34140AD29D380B3003B7AE1 /* WebviewTesting */,
				D34140AC29D380B3003B7AE1 /* Products */,
			);
			sourceTree = "<group>";
		};
		D34140AC29D380B3003B7AE1 /* Products */ = {
			isa = PBXGroup;
			children = (
				D34140AB29D380B3003B7AE1 /* WebviewTesting.app */,
			);
			name = Products;
			sourceTree = "<group>";
		};
		D34140AD29D380B3003B7AE1 /* WebviewTesting */ = {
			isa = PBXGroup;
			children = (
				D34140C029D62329003B7AE1 /* Info.plist */,
				D34140AE29D380B3003B7AE1 /* WebviewTestingApp.swift */,
				D34140B229D380B4003B7AE1 /* Assets.xcassets */,
				D34140B429D380B4003B7AE1 /* Preview Content */,
				D34140BC29D5E50C003B7AE1 /* WebviewView.swift */,
				D34140BE29D60464003B7AE1 /* WebviewManager.swift */,
				D3D368F729D9237400006239 /* AsyncWebview.swift */,
				D3D368F929DA607D00006239 /* StatusPanel.swift */,
				D3D368FB29DB3CF300006239 /* Scripts.swift */,
			);
			path = WebviewTesting;
			sourceTree = "<group>";
		};
		D34140B429D380B4003B7AE1 /* Preview Content */ = {
			isa = PBXGroup;
			children = (
				D34140B529D380B4003B7AE1 /* Preview Assets.xcassets */,
			);
			path = "Preview Content";
			sourceTree = "<group>";
		};
/* End PBXGroup section */

/* Begin PBXNativeTarget section */
		D34140AA29D380B3003B7AE1 /* WebviewTesting */ = {
			isa = PBXNativeTarget;
			buildConfigurationList = D34140B929D380B4003B7AE1 /* Build configuration list for PBXNativeTarget "WebviewTesting" */;
			buildPhases = (
				D34140A729D380B3003B7AE1 /* Sources */,
				D34140A829D380B3003B7AE1 /* Frameworks */,
				D34140A929D380B3003B7AE1 /* Resources */,
			);
			buildRules = (
			);
			dependencies = (
			);
			name = WebviewTesting;
			productName = WebviewFiddling;
			productReference = D34140AB29D380B3003B7AE1 /* WebviewTesting.app */;
			productType = "com.apple.product-type.application";
		};
/* End PBXNativeTarget section */

/* Begin PBXProject section */
		D34140A329D380B3003B7AE1 /* Project object */ = {
			isa = PBXProject;
			attributes = {
				BuildIndependentTargetsInParallel = 1;
				LastSwiftUpdateCheck = 1420;
				LastUpgradeCheck = 1420;
				TargetAttributes = {
					D34140AA29D380B3003B7AE1 = {
						CreatedOnToolsVersion = 14.2;
					};
				};
			};
			buildConfigurationList = D34140A629D380B3003B7AE1 /* Build configuration list for PBXProject "WebviewTesting" */;
			compatibilityVersion = "Xcode 14.0";
			developmentRegion = en;
			hasScannedForEncodings = 0;
			knownRegions = (
				en,
				Base,
			);
			mainGroup = D34140A229D380B3003B7AE1;
			productRefGroup = D34140AC29D380B3003B7AE1 /* Products */;
			projectDirPath = "";
			projectRoot = "";
			targets = (
				D34140AA29D380B3003B7AE1 /* WebviewTesting */,
			);
		};
/* End PBXProject section */

/* Begin PBXResourcesBuildPhase section */
		D34140A929D380B3003B7AE1 /* Resources */ = {
			isa = PBXResourcesBuildPhase;
			buildActionMask = 2147483647;
			files = (
				D34140B629D380B4003B7AE1 /* Preview Assets.xcassets in Resources */,
				D34140B329D380B4003B7AE1 /* Assets.xcassets in Resources */,
			);
			runOnlyForDeploymentPostprocessing = 0;
		};
/* End PBXResourcesBuildPhase section */

/* Begin PBXSourcesBuildPhase section */
		D34140A729D380B3003B7AE1 /* Sources */ = {
			isa = PBXSourcesBuildPhase;
			buildActionMask = 2147483647;
			files = (
				D3D368FC29DB3CF300006239 /* Scripts.swift in Sources */,
				D34140BD29D5E50C003B7AE1 /* WebviewView.swift in Sources */,
				D3D368F829D9237400006239 /* AsyncWebview.swift in Sources */,
				D34140AF29D380B3003B7AE1 /* WebviewTestingApp.swift in Sources */,
				D3D368FA29DA607D00006239 /* StatusPanel.swift in Sources */,
				D34140BF29D60464003B7AE1 /* WebviewManager.swift in Sources */,
			);
			runOnlyForDeploymentPostprocessing = 0;
		};
/* End PBXSourcesBuildPhase section */

/* Begin XCBuildConfiguration section */
		D34140B729D380B4003B7AE1 /* Debug */ = {
			isa = XCBuildConfiguration;
			buildSettings = {
				ALWAYS_SEARCH_USER_PATHS = NO;
				CLANG_ANALYZER_NONNULL = YES;
				CLANG_ANALYZER_NUMBER_OBJECT_CONVERSION = YES_AGGRESSIVE;
				CLANG_CXX_LANGUAGE_STANDARD = "gnu++20";
				CLANG_ENABLE_MODULES = YES;
				CLANG_ENABLE_OBJC_ARC = YES;
				CLANG_ENABLE_OBJC_WEAK = YES;
				CLANG_WARN_BLOCK_CAPTURE_AUTORELEASING = YES;
				CLANG_WARN_BOOL_CONVERSION = YES;
				CLANG_WARN_COMMA = YES;
				CLANG_WARN_CONSTANT_CONVERSION = YES;
				CLANG_WARN_DEPRECATED_OBJC_IMPLEMENTATIONS = YES;
				CLANG_WARN_DIRECT_OBJC_ISA_USAGE = YES_ERROR;
				CLANG_WARN_DOCUMENTATION_COMMENTS = YES;
				CLANG_WARN_EMPTY_BODY = YES;
				CLANG_WARN_ENUM_CONVERSION = YES;
				CLANG_WARN_INFINITE_RECURSION = YES;
				CLANG_WARN_INT_CONVERSION = YES;
				CLANG_WARN_NON_LITERAL_NULL_CONVERSION = YES;
				CLANG_WARN_OBJC_IMPLICIT_RETAIN_SELF = YES;
				CLANG_WARN_OBJC_LITERAL_CONVERSION = YES;
				CLANG_WARN_OBJC_ROOT_CLASS = YES_ERROR;
				CLANG_WARN_QUOTED_INCLUDE_IN_FRAMEWORK_HEADER = YES;
				CLANG_WARN_RANGE_LOOP_ANALYSIS = YES;
				CLANG_WARN_STRICT_PROTOTYPES = YES;
				CLANG_WARN_SUSPICIOUS_MOVE = YES;
				CLANG_WARN_UNGUARDED_AVAILABILITY = YES_AGGRESSIVE;
				CLANG_WARN_UNREACHABLE_CODE = YES;
				CLANG_WARN__DUPLICATE_METHOD_MATCH = YES;
				COPY_PHASE_STRIP = NO;
				DEBUG_INFORMATION_FORMAT = dwarf;
				ENABLE_STRICT_OBJC_MSGSEND = YES;
				ENABLE_TESTABILITY = YES;
				GCC_C_LANGUAGE_STANDARD = gnu11;
				GCC_DYNAMIC_NO_PIC = NO;
				GCC_NO_COMMON_BLOCKS = YES;
				GCC_OPTIMIZATION_LEVEL = 0;
				GCC_PREPROCESSOR_DEFINITIONS = (
					"DEBUG=1",
					"$(inherited)",
				);
				GCC_WARN_64_TO_32_BIT_CONVERSION = YES;
				GCC_WARN_ABOUT_RETURN_TYPE = YES_ERROR;
				GCC_WARN_UNDECLARED_SELECTOR = YES;
				GCC_WARN_UNINITIALIZED_AUTOS = YES_AGGRESSIVE;
				GCC_WARN_UNUSED_FUNCTION = YES;
				GCC_WARN_UNUSED_VARIABLE = YES;
				IPHONEOS_DEPLOYMENT_TARGET = 16.0;
				MTL_ENABLE_DEBUG_INFO = INCLUDE_SOURCE;
				MTL_FAST_MATH = YES;
				ONLY_ACTIVE_ARCH = YES;
				SDKROOT = iphoneos;
				SWIFT_ACTIVE_COMPILATION_CONDITIONS = DEBUG;
				SWIFT_OPTIMIZATION_LEVEL = "-Onone";
			};
			name = Debug;
		};
		D34140B829D380B4003B7AE1 /* Release */ = {
			isa = XCBuildConfiguration;
			buildSettings = {
				ALWAYS_SEARCH_USER_PATHS = NO;
				CLANG_ANALYZER_NONNULL = YES;
				CLANG_ANALYZER_NUMBER_OBJECT_CONVERSION = YES_AGGRESSIVE;
				CLANG_CXX_LANGUAGE_STANDARD = "gnu++20";
				CLANG_ENABLE_MODULES = YES;
				CLANG_ENABLE_OBJC_ARC = YES;
				CLANG_ENABLE_OBJC_WEAK = YES;
				CLANG_WARN_BLOCK_CAPTURE_AUTORELEASING = YES;
				CLANG_WARN_BOOL_CONVERSION = YES;
				CLANG_WARN_COMMA = YES;
				CLANG_WARN_CONSTANT_CONVERSION = YES;
				CLANG_WARN_DEPRECATED_OBJC_IMPLEMENTATIONS = YES;
				CLANG_WARN_DIRECT_OBJC_ISA_USAGE = YES_ERROR;
				CLANG_WARN_DOCUMENTATION_COMMENTS = YES;
				CLANG_WARN_EMPTY_BODY = YES;
				CLANG_WARN_ENUM_CONVERSION = YES;
				CLANG_WARN_INFINITE_RECURSION = YES;
				CLANG_WARN_INT_CONVERSION = YES;
				CLANG_WARN_NON_LITERAL_NULL_CONVERSION = YES;
				CLANG_WARN_OBJC_IMPLICIT_RETAIN_SELF = YES;
				CLANG_WARN_OBJC_LITERAL_CONVERSION = YES;
				CLANG_WARN_OBJC_ROOT_CLASS = YES_ERROR;
				CLANG_WARN_QUOTED_INCLUDE_IN_FRAMEWORK_HEADER = YES;
				CLANG_WARN_RANGE_LOOP_ANALYSIS = YES;
				CLANG_WARN_STRICT_PROTOTYPES = YES;
				CLANG_WARN_SUSPICIOUS_MOVE = YES;
				CLANG_WARN_UNGUARDED_AVAILABILITY = YES_AGGRESSIVE;
				CLANG_WARN_UNREACHABLE_CODE = YES;
				CLANG_WARN__DUPLICATE_METHOD_MATCH = YES;
				COPY_PHASE_STRIP = NO;
				DEBUG_INFORMATION_FORMAT = "dwarf-with-dsym";
				ENABLE_NS_ASSERTIONS = NO;
				ENABLE_STRICT_OBJC_MSGSEND = YES;
				GCC_C_LANGUAGE_STANDARD = gnu11;
				GCC_NO_COMMON_BLOCKS = YES;
				GCC_WARN_64_TO_32_BIT_CONVERSION = YES;
				GCC_WARN_ABOUT_RETURN_TYPE = YES_ERROR;
				GCC_WARN_UNDECLARED_SELECTOR = YES;
				GCC_WARN_UNINITIALIZED_AUTOS = YES_AGGRESSIVE;
				GCC_WARN_UNUSED_FUNCTION = YES;
				GCC_WARN_UNUSED_VARIABLE = YES;
				IPHONEOS_DEPLOYMENT_TARGET = 16.0;
				MTL_ENABLE_DEBUG_INFO = NO;
				MTL_FAST_MATH = YES;
				SDKROOT = iphoneos;
				SWIFT_COMPILATION_MODE = wholemodule;
				SWIFT_OPTIMIZATION_LEVEL = "-O";
				VALIDATE_PRODUCT = YES;
			};
			name = Release;
		};
		D34140BA29D380B4003B7AE1 /* Debug */ = {
			isa = XCBuildConfiguration;
			buildSettings = {
				ASSETCATALOG_COMPILER_APPICON_NAME = AppIcon;
				ASSETCATALOG_COMPILER_GLOBAL_ACCENT_COLOR_NAME = AccentColor;
				CODE_SIGN_STYLE = Automatic;
				CURRENT_PROJECT_VERSION = 1;
				DEVELOPMENT_ASSET_PATHS = "\"WebviewTesting/Preview Content\"";
				DEVELOPMENT_TEAM = K29JF287XX;
				ENABLE_PREVIEWS = YES;
				GENERATE_INFOPLIST_FILE = YES;
				INFOPLIST_FILE = WebviewTesting/Info.plist;
				INFOPLIST_KEY_UIApplicationSceneManifest_Generation = YES;
				INFOPLIST_KEY_UIApplicationSupportsIndirectInputEvents = YES;
				INFOPLIST_KEY_UILaunchScreen_Generation = YES;
				INFOPLIST_KEY_UISupportedInterfaceOrientations_iPad = "UIInterfaceOrientationPortrait UIInterfaceOrientationPortraitUpsideDown UIInterfaceOrientationLandscapeLeft UIInterfaceOrientationLandscapeRight";
				INFOPLIST_KEY_UISupportedInterfaceOrientations_iPhone = "UIInterfaceOrientationPortrait UIInterfaceOrientationLandscapeLeft UIInterfaceOrientationLandscapeRight";
				LD_RUNPATH_SEARCH_PATHS = (
					"$(inherited)",
					"@executable_path/Frameworks",
				);
				MARKETING_VERSION = 1.0;
				PRODUCT_BUNDLE_IDENTIFIER = test.WebviewTesting;
				PRODUCT_NAME = "$(TARGET_NAME)";
				SWIFT_EMIT_LOC_STRINGS = YES;
				SWIFT_VERSION = 5.0;
				TARGETED_DEVICE_FAMILY = "1,2";
			};
			name = Debug;
		};
		D34140BB29D380B4003B7AE1 /* Release */ = {
			isa = XCBuildConfiguration;
			buildSettings = {
				ASSETCATALOG_COMPILER_APPICON_NAME = AppIcon;
				ASSETCATALOG_COMPILER_GLOBAL_ACCENT_COLOR_NAME = AccentColor;
				CODE_SIGN_STYLE = Automatic;
				CURRENT_PROJECT_VERSION = 1;
				DEVELOPMENT_ASSET_PATHS = "\"WebviewTesting/Preview Content\"";
				DEVELOPMENT_TEAM = K29JF287XX;
				ENABLE_PREVIEWS = YES;
				GENERATE_INFOPLIST_FILE = YES;
				INFOPLIST_FILE = WebviewTesting/Info.plist;
				INFOPLIST_KEY_UIApplicationSceneManifest_Generation = YES;
				INFOPLIST_KEY_UIApplicationSupportsIndirectInputEvents = YES;
				INFOPLIST_KEY_UILaunchScreen_Generation = YES;
				INFOPLIST_KEY_UISupportedInterfaceOrientations_iPad = "UIInterfaceOrientationPortrait UIInterfaceOrientationPortraitUpsideDown UIInterfaceOrientationLandscapeLeft UIInterfaceOrientationLandscapeRight";
				INFOPLIST_KEY_UISupportedInterfaceOrientations_iPhone = "UIInterfaceOrientationPortrait UIInterfaceOrientationLandscapeLeft UIInterfaceOrientationLandscapeRight";
				LD_RUNPATH_SEARCH_PATHS = (
					"$(inherited)",
					"@executable_path/Frameworks",
				);
				MARKETING_VERSION = 1.0;
				PRODUCT_BUNDLE_IDENTIFIER = test.WebviewTesting;
				PRODUCT_NAME = "$(TARGET_NAME)";
				SWIFT_EMIT_LOC_STRINGS = YES;
				SWIFT_VERSION = 5.0;
				TARGETED_DEVICE_FAMILY = "1,2";
			};
			name = Release;
		};
/* End XCBuildConfiguration section */

/* Begin XCConfigurationList section */
		D34140A629D380B3003B7AE1 /* Build configuration list for PBXProject "WebviewTesting" */ = {
			isa = XCConfigurationList;
			buildConfigurations = (
				D34140B729D380B4003B7AE1 /* Debug */,
				D34140B829D380B4003B7AE1 /* Release */,
			);
			defaultConfigurationIsVisible = 0;
			defaultConfigurationName = Release;
		};
		D34140B929D380B4003B7AE1 /* Build configuration list for PBXNativeTarget "WebviewTesting" */ = {
			isa = XCConfigurationList;
			buildConfigurations = (
				D34140BA29D380B4003B7AE1 /* Debug */,
				D34140BB29D380B4003B7AE1 /* Release */,
			);
			defaultConfigurationIsVisible = 0;
			defaultConfigurationName = Release;
		};
/* End XCConfigurationList section */
	};
	rootObject = D34140A329D380B3003B7AE1 /* Project object */;
}
